// !$*UTF8*$!
{
	archiveVersion = 1;
	classes = {
	};
	objectVersion = 56;
	objects = {

/* Begin PBXBuildFile section */
		200000000000000000000002 /* ManifestTests.swift in Sources */ = {isa = PBXBuildFile; fileRef = 100000000000000000000003 /* ManifestTests.swift */; };
		200000000000000000000003 /* POCVaultApp.swift in Sources */ = {isa = PBXBuildFile; fileRef = 100000000000000000000006 /* POCVaultApp.swift */; };
		200000000000000000000004 /* POCEntry.swift in Sources */ = {isa = PBXBuildFile; fileRef = 100000000000000000000007 /* POCEntry.swift */; };
		200000000000000000000005 /* POCManifest.swift in Sources */ = {isa = PBXBuildFile; fileRef = 100000000000000000000008 /* POCManifest.swift */; };
		200000000000000000000006 /* ClientIdentityStore.swift in Sources */ = {isa = PBXBuildFile; fileRef = 100000000000000000000009 /* ClientIdentityStore.swift */; };
		200000000000000000000007 /* ManifestClient.swift in Sources */ = {isa = PBXBuildFile; fileRef = 100000000000000000000010 /* ManifestClient.swift */; };
		200000000000000000000008 /* AuthenticatedWebView.swift in Sources */ = {isa = PBXBuildFile; fileRef = 100000000000000000000011 /* AuthenticatedWebView.swift */; };
		200000000000000000000009 /* LibraryViewModel.swift in Sources */ = {isa = PBXBuildFile; fileRef = 100000000000000000000012 /* LibraryViewModel.swift */; };
		200000000000000000000010 /* LibraryView.swift in Sources */ = {isa = PBXBuildFile; fileRef = 100000000000000000000013 /* LibraryView.swift */; };
		200000000000000000000011 /* DiagnosticsView.swift in Sources */ = {isa = PBXBuildFile; fileRef = 100000000000000000000014 /* DiagnosticsView.swift */; };
		200000000000000000000012 /* Resources/AppIcon/AppIcon60x60@2x.png in Resources */ = {isa = PBXBuildFile; fileRef = 100000000000000000000015 /* Resources/AppIcon/AppIcon60x60@2x.png */; };
		200000000000000000000013 /* Resources/AppIcon/AppIcon60x60@3x.png in Resources */ = {isa = PBXBuildFile; fileRef = 100000000000000000000016 /* Resources/AppIcon/AppIcon60x60@3x.png */; };
		200000000000000000000014 /* Resources/AppIcon/AppIcon1024.png in Resources */ = {isa = PBXBuildFile; fileRef = 100000000000000000000017 /* Resources/AppIcon/AppIcon1024.png */; };
		200000000000000000000015 /* CodexModels.swift in Sources */ = {isa = PBXBuildFile; fileRef = 100000000000000000000018 /* CodexModels.swift */; };
		200000000000000000000016 /* CodexClient.swift in Sources */ = {isa = PBXBuildFile; fileRef = 100000000000000000000019 /* CodexClient.swift */; };
		200000000000000000000019 /* Resources/Assets.xcassets in Resources */ = {isa = PBXBuildFile; fileRef = 100000000000000000000022 /* Resources/Assets.xcassets */; };
		200000000000000000000020 /* RelayChatViewModel.swift in Sources */ = {isa = PBXBuildFile; fileRef = 100000000000000000000023 /* RelayChatViewModel.swift */; };
		200000000000000000000021 /* RelayChatView.swift in Sources */ = {isa = PBXBuildFile; fileRef = 100000000000000000000024 /* RelayChatView.swift */; };
		200000000000000000000069 /* RelayTerminalView.swift in Sources */ = {isa = PBXBuildFile; fileRef = 100000000000000000000069 /* RelayTerminalView.swift */; };
		200000000000000000000022 /* Resources/Fonts/DMSans.ttf in Resources */ = {isa = PBXBuildFile; fileRef = 100000000000000000000025 /* Resources/Fonts/DMSans.ttf */; };
		200000000000000000000023 /* Resources/Fonts/DMMono-Regular.ttf in Resources */ = {isa = PBXBuildFile; fileRef = 100000000000000000000026 /* Resources/Fonts/DMMono-Regular.ttf */; };
		200000000000000000000024 /* CodexMarkdown.swift in Sources */ = {isa = PBXBuildFile; fileRef = 100000000000000000000027 /* CodexMarkdown.swift */; };
		200000000000000000000025 /* CodexAppServices.swift in Sources */ = {isa = PBXBuildFile; fileRef = 100000000000000000000028 /* CodexAppServices.swift */; };
		200000000000000000000026 /* CodexPromptAudioRecordingConfiguration.swift in Sources */ = {isa = PBXBuildFile; fileRef = 100000000000000000000029 /* CodexPromptAudioRecordingConfiguration.swift */; };
		200000000000000000000027 /* FileBrowserView.swift in Sources */ = {isa = PBXBuildFile; fileRef = 100000000000000000000030 /* FileBrowserView.swift */; };
		200000000000000000000028 /* FileBrowserViewModel.swift in Sources */ = {isa = PBXBuildFile; fileRef = 100000000000000000000031 /* FileBrowserViewModel.swift */; };
		200000000000000000000029 /* RelayChatSessionStore.swift in Sources */ = {isa = PBXBuildFile; fileRef = 100000000000000000000032 /* RelayChatSessionStore.swift */; };
		200000000000000000000030 /* FileViewerView.swift in Sources */ = {isa = PBXBuildFile; fileRef = 100000000000000000000033 /* FileViewerView.swift */; };
		200000000000000000000031 /* RelayMarkdownViews.swift in Sources */ = {isa = PBXBuildFile; fileRef = 100000000000000000000034 /* RelayMarkdownViews.swift */; };
		200000000000000000000032 /* RelayAccount.swift in Sources */ = {isa = PBXBuildFile; fileRef = 100000000000000000000035 /* RelayAccount.swift */; };
		200000000000000000000033 /* RelayAuthClient.swift in Sources */ = {isa = PBXBuildFile; fileRef = 100000000000000000000036 /* RelayAuthClient.swift */; };
		200000000000000000000034 /* RelayAccountStore.swift in Sources */ = {isa = PBXBuildFile; fileRef = 100000000000000000000037 /* RelayAccountStore.swift */; };
		200000000000000000000035 /* AuthenticationView.swift in Sources */ = {isa = PBXBuildFile; fileRef = 100000000000000000000038 /* AuthenticationView.swift */; };
		200000000000000000000036 /* RelayOnboardingView.swift in Sources */ = {isa = PBXBuildFile; fileRef = 100000000000000000000039 /* RelayOnboardingView.swift */; };
		200000000000000000000037 /* AccountSettingsView.swift in Sources */ = {isa = PBXBuildFile; fileRef = 100000000000000000000040 /* AccountSettingsView.swift */; };
		200000000000000000000038 /* PrivacyInfo.xcprivacy in Resources */ = {isa = PBXBuildFile; fileRef = 100000000000000000000042 /* PrivacyInfo.xcprivacy */; };
		200000000000000000000039 /* AccountTests.swift in Sources */ = {isa = PBXBuildFile; fileRef = 100000000000000000000043 /* AccountTests.swift */; };
		200000000000000000000040 /* RelayTrialNode.swift in Sources */ = {isa = PBXBuildFile; fileRef = 100000000000000000000044 /* RelayTrialNode.swift */; };
		200000000000000000000041 /* RelayTrialPairing.swift in Sources */ = {isa = PBXBuildFile; fileRef = 100000000000000000000045 /* RelayTrialPairing.swift */; };
		200000000000000000000042 /* TrialPairingTests.swift in Sources */ = {isa = PBXBuildFile; fileRef = 100000000000000000000046 /* TrialPairingTests.swift */; };
		2000000000000000000000A1 /* TrialMaterialPersistenceTests.swift in Sources */ = {isa = PBXBuildFile; fileRef = 1000000000000000000000A1 /* TrialMaterialPersistenceTests.swift */; };
		200000000000000000000043 /* RelayTrialClient.swift in Sources */ = {isa = PBXBuildFile; fileRef = 100000000000000000000047 /* RelayTrialClient.swift */; };
		200000000000000000000044 /* RelayNodeStore.swift in Sources */ = {isa = PBXBuildFile; fileRef = 100000000000000000000048 /* RelayNodeStore.swift */; };
		200000000000000000000045 /* RelayTrialFlowModel.swift in Sources */ = {isa = PBXBuildFile; fileRef = 100000000000000000000049 /* RelayTrialFlowModel.swift */; };
		200000000000000000000046 /* TrialProvisioningView.swift in Sources */ = {isa = PBXBuildFile; fileRef = 100000000000000000000050 /* TrialProvisioningView.swift */; };
		200000000000000000000047 /* TrialStatusBanner.swift in Sources */ = {isa = PBXBuildFile; fileRef = 100000000000000000000051 /* TrialStatusBanner.swift */; };
		200000000000000000000048 /* RelayServerTrust.swift in Sources */ = {isa = PBXBuildFile; fileRef = 100000000000000000000052 /* RelayServerTrust.swift */; };
		200000000000000000000060 /* RelayHandoff.swift in Sources */ = {isa = PBXBuildFile; fileRef = 100000000000000000000060 /* RelayHandoff.swift */; };
		200000000000000000000061 /* RelayHandoffCardView.swift in Sources */ = {isa = PBXBuildFile; fileRef = 100000000000000000000061 /* RelayHandoffCardView.swift */; };
		200000000000000000000062 /* RelayPushService.swift in Sources */ = {isa = PBXBuildFile; fileRef = 100000000000000000000062 /* RelayPushService.swift */; };
		200000000000000000000063 /* HandoffTests.swift in Sources */ = {isa = PBXBuildFile; fileRef = 100000000000000000000063 /* HandoffTests.swift */; };
		200000000000000000000064 /* Resources/Localizable.strings in Resources */ = {isa = PBXBuildFile; fileRef = 100000000000000000000064 /* Resources/Localizable.strings */; };
		200000000000000000000065 /* CLILinkFlowModel.swift in Sources */ = {isa = PBXBuildFile; fileRef = 100000000000000000000065 /* CLILinkFlowModel.swift */; };
		200000000000000000000066 /* CLILinkScannerView.swift in Sources */ = {isa = PBXBuildFile; fileRef = 100000000000000000000066 /* CLILinkScannerView.swift */; };
		200000000000000000000067 /* CLILinkTests.swift in Sources */ = {isa = PBXBuildFile; fileRef = 100000000000000000000067 /* CLILinkTests.swift */; };
		200000000000000000000068 /* SignedInPlacesTests.swift in Sources */ = {isa = PBXBuildFile; fileRef = 100000000000000000000068 /* SignedInPlacesTests.swift */; };
/* End PBXBuildFile section */

/* Begin PBXContainerItemProxy section */
		300000000000000000000001 /* PBXContainerItemProxy */ = {
			isa = PBXContainerItemProxy;
			containerPortal = 000000000000000000000001 /* Project object */;
			proxyType = 1;
			remoteGlobalIDString = 111111111111111111111111;
			remoteInfo = POCVault;
		};
/* End PBXContainerItemProxy section */

/* Begin PBXFileReference section */
		100000000000000000000001 /* Relay.app */ = {isa = PBXFileReference; explicitFileType = wrapper.application; includeInIndex = 0; path = Relay.app; sourceTree = BUILT_PRODUCTS_DIR; };
		100000000000000000000003 /* ManifestTests.swift */ = {isa = PBXFileReference; lastKnownFileType = sourcecode.swift; path = ManifestTests.swift; sourceTree = "<group>"; };
		100000000000000000000004 /* POCVaultTests.xctest */ = {isa = PBXFileReference; explicitFileType = wrapper.cfbundle; includeInIndex = 0; path = POCVaultTests.xctest; sourceTree = BUILT_PRODUCTS_DIR; };
		100000000000000000000005 /* Info.plist */ = {isa = PBXFileReference; lastKnownFileType = text.plist.xml; path = Info.plist; sourceTree = "<group>"; };
		100000000000000000000006 /* POCVaultApp.swift */ = {isa = PBXFileReference; lastKnownFileType = sourcecode.swift; path = POCVaultApp.swift; sourceTree = "<group>"; };
		100000000000000000000007 /* POCEntry.swift */ = {isa = PBXFileReference; lastKnownFileType = sourcecode.swift; path = POCEntry.swift; sourceTree = "<group>"; };
		100000000000000000000008 /* POCManifest.swift */ = {isa = PBXFileReference; lastKnownFileType = sourcecode.swift; path = POCManifest.swift; sourceTree = "<group>"; };
		100000000000000000000009 /* ClientIdentityStore.swift */ = {isa = PBXFileReference; lastKnownFileType = sourcecode.swift; path = ClientIdentityStore.swift; sourceTree = "<group>"; };
		100000000000000000000010 /* ManifestClient.swift */ = {isa = PBXFileReference; lastKnownFileType = sourcecode.swift; path = ManifestClient.swift; sourceTree = "<group>"; };
		100000000000000000000011 /* AuthenticatedWebView.swift */ = {isa = PBXFileReference; lastKnownFileType = sourcecode.swift; path = AuthenticatedWebView.swift; sourceTree = "<group>"; };
		100000000000000000000012 /* LibraryViewModel.swift */ = {isa = PBXFileReference; lastKnownFileType = sourcecode.swift; path = LibraryViewModel.swift; sourceTree = "<group>"; };
		100000000000000000000013 /* LibraryView.swift */ = {isa = PBXFileReference; lastKnownFileType = sourcecode.swift; path = LibraryView.swift; sourceTree = "<group>"; };
		100000000000000000000014 /* DiagnosticsView.swift */ = {isa = PBXFileReference; lastKnownFileType = sourcecode.swift; path = DiagnosticsView.swift; sourceTree = "<group>"; };
		100000000000000000000015 /* Resources/AppIcon/AppIcon60x60@2x.png */ = {isa = PBXFileReference; lastKnownFileType = image.png; path = "Resources/AppIcon/AppIcon60x60@2x.png"; sourceTree = "<group>"; };
		100000000000000000000016 /* Resources/AppIcon/AppIcon60x60@3x.png */ = {isa = PBXFileReference; lastKnownFileType = image.png; path = "Resources/AppIcon/AppIcon60x60@3x.png"; sourceTree = "<group>"; };
		100000000000000000000017 /* Resources/AppIcon/AppIcon1024.png */ = {isa = PBXFileReference; lastKnownFileType = image.png; path = Resources/AppIcon/AppIcon1024.png; sourceTree = "<group>"; };
		100000000000000000000018 /* CodexModels.swift */ = {isa = PBXFileReference; lastKnownFileType = sourcecode.swift; path = CodexModels.swift; sourceTree = "<group>"; };
		100000000000000000000019 /* CodexClient.swift */ = {isa = PBXFileReference; lastKnownFileType = sourcecode.swift; path = CodexClient.swift; sourceTree = "<group>"; };
		100000000000000000000022 /* Resources/Assets.xcassets */ = {isa = PBXFileReference; lastKnownFileType = folder.assetcatalog; path = Resources/Assets.xcassets; sourceTree = "<group>"; };
		100000000000000000000023 /* RelayChatViewModel.swift */ = {isa = PBXFileReference; lastKnownFileType = sourcecode.swift; path = RelayChatViewModel.swift; sourceTree = "<group>"; };
		100000000000000000000024 /* RelayChatView.swift */ = {isa = PBXFileReference; lastKnownFileType = sourcecode.swift; path = RelayChatView.swift; sourceTree = "<group>"; };
		100000000000000000000069 /* RelayTerminalView.swift */ = {isa = PBXFileReference; lastKnownFileType = sourcecode.swift; path = RelayTerminalView.swift; sourceTree = "<group>"; };
		100000000000000000000025 /* Resources/Fonts/DMSans.ttf */ = {isa = PBXFileReference; lastKnownFileType = file; path = Resources/Fonts/DMSans.ttf; sourceTree = "<group>"; };
		100000000000000000000026 /* Resources/Fonts/DMMono-Regular.ttf */ = {isa = PBXFileReference; lastKnownFileType = file; path = "Resources/Fonts/DMMono-Regular.ttf"; sourceTree = "<group>"; };
		100000000000000000000027 /* CodexMarkdown.swift */ = {isa = PBXFileReference; lastKnownFileType = sourcecode.swift; path = CodexMarkdown.swift; sourceTree = "<group>"; };
		100000000000000000000028 /* CodexAppServices.swift */ = {isa = PBXFileReference; lastKnownFileType = sourcecode.swift; path = CodexAppServices.swift; sourceTree = "<group>"; };
		100000000000000000000029 /* CodexPromptAudioRecordingConfiguration.swift */ = {isa = PBXFileReference; lastKnownFileType = sourcecode.swift; path = CodexPromptAudioRecordingConfiguration.swift; sourceTree = "<group>"; };
		100000000000000000000030 /* FileBrowserView.swift */ = {isa = PBXFileReference; lastKnownFileType = sourcecode.swift; path = FileBrowserView.swift; sourceTree = "<group>"; };
		100000000000000000000031 /* FileBrowserViewModel.swift */ = {isa = PBXFileReference; lastKnownFileType = sourcecode.swift; path = FileBrowserViewModel.swift; sourceTree = "<group>"; };
		100000000000000000000032 /* RelayChatSessionStore.swift */ = {isa = PBXFileReference; lastKnownFileType = sourcecode.swift; path = RelayChatSessionStore.swift; sourceTree = "<group>"; };
		100000000000000000000033 /* FileViewerView.swift */ = {isa = PBXFileReference; lastKnownFileType = sourcecode.swift; path = FileViewerView.swift; sourceTree = "<group>"; };
		100000000000000000000034 /* RelayMarkdownViews.swift */ = {isa = PBXFileReference; lastKnownFileType = sourcecode.swift; path = RelayMarkdownViews.swift; sourceTree = "<group>"; };
		100000000000000000000035 /* RelayAccount.swift */ = {isa = PBXFileReference; lastKnownFileType = sourcecode.swift; path = RelayAccount.swift; sourceTree = "<group>"; };
		100000000000000000000036 /* RelayAuthClient.swift */ = {isa = PBXFileReference; lastKnownFileType = sourcecode.swift; path = RelayAuthClient.swift; sourceTree = "<group>"; };
		100000000000000000000037 /* RelayAccountStore.swift */ = {isa = PBXFileReference; lastKnownFileType = sourcecode.swift; path = RelayAccountStore.swift; sourceTree = "<group>"; };
		100000000000000000000038 /* AuthenticationView.swift */ = {isa = PBXFileReference; lastKnownFileType = sourcecode.swift; path = AuthenticationView.swift; sourceTree = "<group>"; };
		100000000000000000000039 /* RelayOnboardingView.swift */ = {isa = PBXFileReference; lastKnownFileType = sourcecode.swift; path = RelayOnboardingView.swift; sourceTree = "<group>"; };
		100000000000000000000040 /* AccountSettingsView.swift */ = {isa = PBXFileReference; lastKnownFileType = sourcecode.swift; path = AccountSettingsView.swift; sourceTree = "<group>"; };
		100000000000000000000041 /* POCVault.entitlements */ = {isa = PBXFileReference; lastKnownFileType = text.plist.entitlements; path = POCVault.entitlements; sourceTree = "<group>"; };
		100000000000000000000070 /* POCVault-Release.entitlements */ = {isa = PBXFileReference; lastKnownFileType = text.plist.entitlements; path = "POCVault-Release.entitlements"; sourceTree = "<group>"; };
		100000000000000000000042 /* PrivacyInfo.xcprivacy */ = {isa = PBXFileReference; lastKnownFileType = text.xml; path = PrivacyInfo.xcprivacy; sourceTree = "<group>"; };
		100000000000000000000043 /* AccountTests.swift */ = {isa = PBXFileReference; lastKnownFileType = sourcecode.swift; path = AccountTests.swift; sourceTree = "<group>"; };
		100000000000000000000044 /* RelayTrialNode.swift */ = {isa = PBXFileReference; lastKnownFileType = sourcecode.swift; path = RelayTrialNode.swift; sourceTree = "<group>"; };
		100000000000000000000045 /* RelayTrialPairing.swift */ = {isa = PBXFileReference; lastKnownFileType = sourcecode.swift; path = RelayTrialPairing.swift; sourceTree = "<group>"; };
		100000000000000000000046 /* TrialPairingTests.swift */ = {isa = PBXFileReference; lastKnownFileType = sourcecode.swift; path = TrialPairingTests.swift; sourceTree = "<group>"; };
		1000000000000000000000A1 /* TrialMaterialPersistenceTests.swift */ = {isa = PBXFileReference; lastKnownFileType = sourcecode.swift; path = TrialMaterialPersistenceTests.swift; sourceTree = "<group>"; };
		100000000000000000000047 /* RelayTrialClient.swift */ = {isa = PBXFileReference; lastKnownFileType = sourcecode.swift; path = RelayTrialClient.swift; sourceTree = "<group>"; };
		100000000000000000000048 /* RelayNodeStore.swift */ = {isa = PBXFileReference; lastKnownFileType = sourcecode.swift; path = RelayNodeStore.swift; sourceTree = "<group>"; };
		100000000000000000000049 /* RelayTrialFlowModel.swift */ = {isa = PBXFileReference; lastKnownFileType = sourcecode.swift; path = RelayTrialFlowModel.swift; sourceTree = "<group>"; };
		100000000000000000000050 /* TrialProvisioningView.swift */ = {isa = PBXFileReference; lastKnownFileType = sourcecode.swift; path = TrialProvisioningView.swift; sourceTree = "<group>"; };
		100000000000000000000051 /* TrialStatusBanner.swift */ = {isa = PBXFileReference; lastKnownFileType = sourcecode.swift; path = TrialStatusBanner.swift; sourceTree = "<group>"; };
		100000000000000000000052 /* RelayServerTrust.swift */ = {isa = PBXFileReference; lastKnownFileType = sourcecode.swift; path = RelayServerTrust.swift; sourceTree = "<group>"; };
		100000000000000000000060 /* RelayHandoff.swift */ = {isa = PBXFileReference; lastKnownFileType = sourcecode.swift; path = RelayHandoff.swift; sourceTree = "<group>"; };
		100000000000000000000061 /* RelayHandoffCardView.swift */ = {isa = PBXFileReference; lastKnownFileType = sourcecode.swift; path = RelayHandoffCardView.swift; sourceTree = "<group>"; };
		100000000000000000000062 /* RelayPushService.swift */ = {isa = PBXFileReference; lastKnownFileType = sourcecode.swift; path = RelayPushService.swift; sourceTree = "<group>"; };
		100000000000000000000063 /* HandoffTests.swift */ = {isa = PBXFileReference; lastKnownFileType = sourcecode.swift; path = HandoffTests.swift; sourceTree = "<group>"; };
		100000000000000000000064 /* Resources/Localizable.strings */ = {isa = PBXFileReference; lastKnownFileType = text.plist.strings; path = Resources/Localizable.strings; sourceTree = "<group>"; };
		100000000000000000000065 /* CLILinkFlowModel.swift */ = {isa = PBXFileReference; lastKnownFileType = sourcecode.swift; path = CLILinkFlowModel.swift; sourceTree = "<group>"; };
		100000000000000000000066 /* CLILinkScannerView.swift */ = {isa = PBXFileReference; lastKnownFileType = sourcecode.swift; path = CLILinkScannerView.swift; sourceTree = "<group>"; };
		100000000000000000000067 /* CLILinkTests.swift */ = {isa = PBXFileReference; lastKnownFileType = sourcecode.swift; path = CLILinkTests.swift; sourceTree = "<group>"; };
		100000000000000000000068 /* SignedInPlacesTests.swift */ = {isa = PBXFileReference; lastKnownFileType = sourcecode.swift; path = SignedInPlacesTests.swift; sourceTree = "<group>"; };
/* End PBXFileReference section */

/* Begin PBXFrameworksBuildPhase section */
		400000000000000000000001 /* Frameworks */ = {
			isa = PBXFrameworksBuildPhase;
			buildActionMask = 2147483647;
			files = (
			);
			runOnlyForDeploymentPostprocessing = 0;
		};
		400000000000000000000002 /* Frameworks */ = {
			isa = PBXFrameworksBuildPhase;
			buildActionMask = 2147483647;
			files = (
			);
			runOnlyForDeploymentPostprocessing = 0;
		};
/* End PBXFrameworksBuildPhase section */

/* Begin PBXGroup section */
		500000000000000000000001 = {
			isa = PBXGroup;
			children = (
				500000000000000000000002 /* POCVault */,
				500000000000000000000003 /* POCVaultTests */,
				500000000000000000000004 /* Products */,
			);
			sourceTree = "<group>";
		};
		500000000000000000000002 /* POCVault */ = {
			isa = PBXGroup;
			children = (
				100000000000000000000005 /* Info.plist */,
				100000000000000000000041 /* POCVault.entitlements */,
				100000000000000000000070 /* POCVault-Release.entitlements */,
				100000000000000000000042 /* PrivacyInfo.xcprivacy */,
				100000000000000000000006 /* POCVaultApp.swift */,
				500000000000000000000005 /* Models */,
				500000000000000000000006 /* Security */,
				500000000000000000000007 /* Networking */,
				500000000000000000000008 /* Web */,
				500000000000000000000009 /* Views */,
				500000000000000000000010 /* Rendering */,
				500000000000000000000011 /* Services */,
				500000000000000000000012 /* Audio */,
				500000000000000000000013 /* Browser */,
				100000000000000000000015 /* Resources/AppIcon/AppIcon60x60@2x.png */,
				100000000000000000000016 /* Resources/AppIcon/AppIcon60x60@3x.png */,
				100000000000000000000017 /* Resources/AppIcon/AppIcon1024.png */,
				100000000000000000000022 /* Resources/Assets.xcassets */,
				100000000000000000000025 /* Resources/Fonts/DMSans.ttf */,
				100000000000000000000026 /* Resources/Fonts/DMMono-Regular.ttf */,
				100000000000000000000064 /* Resources/Localizable.strings */,
			);
			path = POCVault;
			sourceTree = "<group>";
		};
		500000000000000000000003 /* POCVaultTests */ = {
			isa = PBXGroup;
			children = (
				100000000000000000000003 /* ManifestTests.swift */,
				100000000000000000000043 /* AccountTests.swift */,
				100000000000000000000046 /* TrialPairingTests.swift */,
				1000000000000000000000A1 /* TrialMaterialPersistenceTests.swift */,
				100000000000000000000063 /* HandoffTests.swift */,
				100000000000000000000067 /* CLILinkTests.swift */,
				100000000000000000000068 /* SignedInPlacesTests.swift */,
			);
			path = POCVaultTests;
			sourceTree = "<group>";
		};
		500000000000000000000004 /* Products */ = {
			isa = PBXGroup;
			children = (
				100000000000000000000001 /* Relay.app */,
				100000000000000000000004 /* POCVaultTests.xctest */,
			);
			name = Products;
			sourceTree = "<group>";
		};
		500000000000000000000005 /* Models */ = {
			isa = PBXGroup;
			children = (
				100000000000000000000007 /* POCEntry.swift */,
				100000000000000000000008 /* POCManifest.swift */,
				100000000000000000000018 /* CodexModels.swift */,
				100000000000000000000035 /* RelayAccount.swift */,
				100000000000000000000044 /* RelayTrialNode.swift */,
				100000000000000000000048 /* RelayNodeStore.swift */,
				100000000000000000000060 /* RelayHandoff.swift */,
			);
			path = Models;
			sourceTree = "<group>";
		};
		500000000000000000000006 /* Security */ = {
			isa = PBXGroup;
			children = (
				100000000000000000000009 /* ClientIdentityStore.swift */,
				100000000000000000000037 /* RelayAccountStore.swift */,
				100000000000000000000045 /* RelayTrialPairing.swift */,
				100000000000000000000052 /* RelayServerTrust.swift */,
			);
			path = Security;
			sourceTree = "<group>";
		};
		500000000000000000000007 /* Networking */ = {
			isa = PBXGroup;
			children = (
				100000000000000000000010 /* ManifestClient.swift */,
				100000000000000000000019 /* CodexClient.swift */,
				100000000000000000000036 /* RelayAuthClient.swift */,
				100000000000000000000047 /* RelayTrialClient.swift */,
			);
			path = Networking;
			sourceTree = "<group>";
		};
		500000000000000000000008 /* Web */ = {
			isa = PBXGroup;
			children = (
				100000000000000000000011 /* AuthenticatedWebView.swift */,
			);
			path = Web;
			sourceTree = "<group>";
		};
		500000000000000000000009 /* Views */ = {
			isa = PBXGroup;
			children = (
				100000000000000000000012 /* LibraryViewModel.swift */,
				100000000000000000000013 /* LibraryView.swift */,
				100000000000000000000014 /* DiagnosticsView.swift */,
				100000000000000000000023 /* RelayChatViewModel.swift */,
				100000000000000000000024 /* RelayChatView.swift */,
				100000000000000000000069 /* RelayTerminalView.swift */,
				100000000000000000000032 /* RelayChatSessionStore.swift */,
				100000000000000000000038 /* AuthenticationView.swift */,
				100000000000000000000039 /* RelayOnboardingView.swift */,
				100000000000000000000040 /* AccountSettingsView.swift */,
				100000000000000000000049 /* RelayTrialFlowModel.swift */,
				100000000000000000000050 /* TrialProvisioningView.swift */,
				100000000000000000000051 /* TrialStatusBanner.swift */,
				100000000000000000000061 /* RelayHandoffCardView.swift */,
				100000000000000000000065 /* CLILinkFlowModel.swift */,
				100000000000000000000066 /* CLILinkScannerView.swift */,
			);
			path = Views;
			sourceTree = "<group>";
		};
		500000000000000000000010 /* Rendering */ = {
			isa = PBXGroup;
			children = (
				100000000000000000000027 /* CodexMarkdown.swift */,
				100000000000000000000034 /* RelayMarkdownViews.swift */,
			);
			path = Rendering;
			sourceTree = "<group>";
		};
		500000000000000000000011 /* Services */ = {
			isa = PBXGroup;
			children = (
				100000000000000000000028 /* CodexAppServices.swift */,
				100000000000000000000062 /* RelayPushService.swift */,
			);
			path = Services;
			sourceTree = "<group>";
		};
		500000000000000000000012 /* Audio */ = {
			isa = PBXGroup;
			children = (
				100000000000000000000029 /* CodexPromptAudioRecordingConfiguration.swift */,
			);
			path = Audio;
			sourceTree = "<group>";
		};
		500000000000000000000013 /* Browser */ = {
			isa = PBXGroup;
			children = (
				100000000000000000000030 /* FileBrowserView.swift */,
				100000000000000000000031 /* FileBrowserViewModel.swift */,
				100000000000000000000033 /* FileViewerView.swift */,
			);
			path = Browser;
			sourceTree = "<group>";
		};
/* End PBXGroup section */

/* Begin PBXNativeTarget section */
		111111111111111111111111 /* POCVault */ = {
			isa = PBXNativeTarget;
			buildConfigurationList = 800000000000000000000002 /* Build configuration list for PBXNativeTarget "POCVault" */;
			buildPhases = (
				6000000000000000000000B0 /* Compile Relay shared core */,
				600000000000000000000001 /* Sources */,
				400000000000000000000001 /* Frameworks */,
				600000000000000000000002 /* Resources */,
			);
			buildRules = (
			);
			dependencies = (
			);
			name = POCVault;
			productName = Relay;
			productReference = 100000000000000000000001 /* Relay.app */;
			productType = "com.apple.product-type.application";
		};
		222222222222222222222222 /* POCVaultTests */ = {
			isa = PBXNativeTarget;
			buildConfigurationList = 800000000000000000000003 /* Build configuration list for PBXNativeTarget "POCVaultTests" */;
			buildPhases = (
				600000000000000000000003 /* Sources */,
				400000000000000000000002 /* Frameworks */,
				600000000000000000000004 /* Resources */,
			);
			buildRules = (
			);
			dependencies = (
				700000000000000000000001 /* PBXTargetDependency */,
			);
			name = POCVaultTests;
			productName = POCVaultTests;
			productReference = 100000000000000000000004 /* POCVaultTests.xctest */;
			productType = "com.apple.product-type.bundle.unit-test";
		};
/* End PBXNativeTarget section */

/* Begin PBXProject section */
		000000000000000000000001 /* Project object */ = {
			isa = PBXProject;
			attributes = {
				BuildIndependentTargetsInParallel = 1;
				LastSwiftUpdateCheck = 1600;
				LastUpgradeCheck = 1600;
				TargetAttributes = {
					111111111111111111111111 = {
						CreatedOnToolsVersion = 16.0;
						SystemCapabilities = {
							com.apple.SignInWithApple = {
								enabled = 1;
							};
						};
					};
					222222222222222222222222 = {
						CreatedOnToolsVersion = 16.0;
						TestTargetID = 111111111111111111111111;
					};
				};
			};
			buildConfigurationList = 800000000000000000000001 /* Build configuration list for PBXProject "POCVault" */;
			compatibilityVersion = "Xcode 14.0";
			developmentRegion = en;
			hasScannedForEncodings = 0;
			knownRegions = (
				en,
				Base,
			);
			mainGroup = 500000000000000000000001;
			productRefGroup = 500000000000000000000004 /* Products */;
			projectDirPath = "";
			projectRoot = "";
			targets = (
				111111111111111111111111 /* POCVault */,
				222222222222222222222222 /* POCVaultTests */,
			);
		};
/* End PBXProject section */

/* Begin PBXResourcesBuildPhase section */
		600000000000000000000002 /* Resources */ = {
			isa = PBXResourcesBuildPhase;
			buildActionMask = 2147483647;
			files = (
				200000000000000000000038 /* PrivacyInfo.xcprivacy in Resources */,
				200000000000000000000012 /* Resources/AppIcon/AppIcon60x60@2x.png in Resources */,
				200000000000000000000013 /* Resources/AppIcon/AppIcon60x60@3x.png in Resources */,
				200000000000000000000014 /* Resources/AppIcon/AppIcon1024.png in Resources */,
				200000000000000000000019 /* Resources/Assets.xcassets in Resources */,
				200000000000000000000022 /* Resources/Fonts/DMSans.ttf in Resources */,
				200000000000000000000023 /* Resources/Fonts/DMMono-Regular.ttf in Resources */,
				200000000000000000000064 /* Resources/Localizable.strings in Resources */,
			);
			runOnlyForDeploymentPostprocessing = 0;
		};
		600000000000000000000004 /* Resources */ = {
			isa = PBXResourcesBuildPhase;
			buildActionMask = 2147483647;
			files = (
			);
			runOnlyForDeploymentPostprocessing = 0;
		};
/* End PBXResourcesBuildPhase section */

/* Begin PBXShellScriptBuildPhase section */
		6000000000000000000000B0 /* Compile Relay shared core */ = {
			isa = PBXShellScriptBuildPhase;
			alwaysOutOfDate = 1;
			buildActionMask = 2147483647;
			files = (
			);
			inputFileListPaths = (
			);
			inputPaths = (
			);
			name = "Compile Relay shared core";
			outputFileListPaths = (
			);
			outputPaths = (
			);
			runOnlyForDeploymentPostprocessing = 0;
			shellPath = /bin/sh;
			shellScript = "\"$SRCROOT/../../mobile/scripts/build-relay-core-for-xcode.sh\"\n";
			showEnvVarsInLog = 0;
		};
/* End PBXShellScriptBuildPhase section */

/* Begin PBXSourcesBuildPhase section */
		600000000000000000000001 /* Sources */ = {
			isa = PBXSourcesBuildPhase;
			buildActionMask = 2147483647;
			files = (
				200000000000000000000003 /* POCVaultApp.swift in Sources */,
				200000000000000000000004 /* POCEntry.swift in Sources */,
				200000000000000000000005 /* POCManifest.swift in Sources */,
				200000000000000000000006 /* ClientIdentityStore.swift in Sources */,
				200000000000000000000007 /* ManifestClient.swift in Sources */,
				200000000000000000000008 /* AuthenticatedWebView.swift in Sources */,
				200000000000000000000009 /* LibraryViewModel.swift in Sources */,
				200000000000000000000010 /* LibraryView.swift in Sources */,
				200000000000000000000011 /* DiagnosticsView.swift in Sources */,
				200000000000000000000015 /* CodexModels.swift in Sources */,
				200000000000000000000016 /* CodexClient.swift in Sources */,
				200000000000000000000020 /* RelayChatViewModel.swift in Sources */,
				200000000000000000000021 /* RelayChatView.swift in Sources */,
				200000000000000000000069 /* RelayTerminalView.swift in Sources */,
				200000000000000000000024 /* CodexMarkdown.swift in Sources */,
				200000000000000000000025 /* CodexAppServices.swift in Sources */,
				200000000000000000000026 /* CodexPromptAudioRecordingConfiguration.swift in Sources */,
				200000000000000000000027 /* FileBrowserView.swift in Sources */,
				200000000000000000000028 /* FileBrowserViewModel.swift in Sources */,
				200000000000000000000029 /* RelayChatSessionStore.swift in Sources */,
				200000000000000000000030 /* FileViewerView.swift in Sources */,
				200000000000000000000031 /* RelayMarkdownViews.swift in Sources */,
				200000000000000000000032 /* RelayAccount.swift in Sources */,
				200000000000000000000033 /* RelayAuthClient.swift in Sources */,
				200000000000000000000034 /* RelayAccountStore.swift in Sources */,
				200000000000000000000035 /* AuthenticationView.swift in Sources */,
				200000000000000000000036 /* RelayOnboardingView.swift in Sources */,
				200000000000000000000037 /* AccountSettingsView.swift in Sources */,
				200000000000000000000040 /* RelayTrialNode.swift in Sources */,
				200000000000000000000041 /* RelayTrialPairing.swift in Sources */,
				200000000000000000000043 /* RelayTrialClient.swift in Sources */,
				200000000000000000000044 /* RelayNodeStore.swift in Sources */,
				200000000000000000000045 /* RelayTrialFlowModel.swift in Sources */,
				200000000000000000000046 /* TrialProvisioningView.swift in Sources */,
				200000000000000000000047 /* TrialStatusBanner.swift in Sources */,
				200000000000000000000048 /* RelayServerTrust.swift in Sources */,
				200000000000000000000060 /* RelayHandoff.swift in Sources */,
				200000000000000000000061 /* RelayHandoffCardView.swift in Sources */,
				200000000000000000000062 /* RelayPushService.swift in Sources */,
				200000000000000000000065 /* CLILinkFlowModel.swift in Sources */,
				200000000000000000000066 /* CLILinkScannerView.swift in Sources */,
			);
			runOnlyForDeploymentPostprocessing = 0;
		};
		600000000000000000000003 /* Sources */ = {
			isa = PBXSourcesBuildPhase;
			buildActionMask = 2147483647;
			files = (
				200000000000000000000002 /* ManifestTests.swift in Sources */,
				200000000000000000000039 /* AccountTests.swift in Sources */,
				200000000000000000000042 /* TrialPairingTests.swift in Sources */,
				2000000000000000000000A1 /* TrialMaterialPersistenceTests.swift in Sources */,
				200000000000000000000063 /* HandoffTests.swift in Sources */,
				200000000000000000000067 /* CLILinkTests.swift in Sources */,
				200000000000000000000068 /* SignedInPlacesTests.swift in Sources */,
			);
			runOnlyForDeploymentPostprocessing = 0;
		};
/* End PBXSourcesBuildPhase section */

/* Begin PBXTargetDependency section */
		700000000000000000000001 /* PBXTargetDependency */ = {
			isa = PBXTargetDependency;
			target = 111111111111111111111111 /* POCVault */;
			targetProxy = 300000000000000000000001 /* PBXContainerItemProxy */;
		};
/* End PBXTargetDependency section */

/* Begin XCBuildConfiguration section */
		900000000000000000000001 /* Debug */ = {
			isa = XCBuildConfiguration;
			buildSettings = {
				ALWAYS_SEARCH_USER_PATHS = NO;
				CLANG_ENABLE_MODULES = YES;
				CLANG_ENABLE_OBJC_ARC = YES;
				CLANG_WARN_BOOL_CONVERSION = YES;
				CLANG_WARN_CONSTANT_CONVERSION = YES;
				CLANG_WARN_DEPRECATED_OBJC_IMPLEMENTATIONS = YES;
				CLANG_WARN_DIRECT_OBJC_ISA_USAGE = YES_ERROR;
				CLANG_WARN_DOCUMENTATION_COMMENTS = YES;
				CLANG_WARN_EMPTY_BODY = YES;
				CLANG_WARN_ENUM_CONVERSION = YES;
				CLANG_WARN_INFINITE_RECURSION = YES;
				CLANG_WARN_INT_CONVERSION = YES;
				CLANG_WARN_NON_LITERAL_NULL_CONVERSION = YES;
				CLANG_WARN_OBJC_IMPLICIT_RETAIN_SELF = YES;
				CLANG_WARN_OBJC_LITERAL_CONVERSION = YES;
				CLANG_WARN_OBJC_ROOT_CLASS = YES_ERROR;
				CLANG_WARN_QUOTED_INCLUDE_IN_FRAMEWORK_HEADER = YES;
				CLANG_WARN_RANGE_LOOP_ANALYSIS = YES;
				CLANG_WARN_STRICT_PROTOTYPES = YES;
				CLANG_WARN_SUSPICIOUS_MOVE = YES;
				CLANG_WARN_UNGUARDED_AVAILABILITY = YES_AGGRESSIVE;
				CLANG_WARN_UNREACHABLE_CODE = YES;
				CLANG_WARN__DUPLICATE_METHOD_MATCH = YES;
				COPY_PHASE_STRIP = NO;
				DEBUG_INFORMATION_FORMAT = dwarf;
				ENABLE_STRICT_OBJC_MSGSEND = YES;
				ENABLE_TESTABILITY = YES;
				GCC_C_LANGUAGE_STANDARD = gnu17;
				GCC_DYNAMIC_NO_PIC = NO;
				GCC_NO_COMMON_BLOCKS = YES;
				GCC_OPTIMIZATION_LEVEL = 0;
				GCC_PREPROCESSOR_DEFINITIONS = (
					"DEBUG=1",
					"$(inherited)",
				);
				GCC_WARN_64_TO_32_BIT_CONVERSION = YES;
				GCC_WARN_ABOUT_RETURN_TYPE = YES_ERROR;
				GCC_WARN_UNDECLARED_SELECTOR = YES;
				GCC_WARN_UNINITIALIZED_AUTOS = YES_AGGRESSIVE;
				GCC_WARN_UNUSED_FUNCTION = YES;
				GCC_WARN_UNUSED_VARIABLE = YES;
				IPHONEOS_DEPLOYMENT_TARGET = 17.0;
				MTL_ENABLE_DEBUG_INFO = INCLUDE_SOURCE;
				MTL_FAST_MATH = YES;
				ONLY_ACTIVE_ARCH = YES;
				SDKROOT = iphoneos;
				SUPPORTED_PLATFORMS = "iphoneos iphonesimulator";
				SWIFT_ACTIVE_COMPILATION_CONDITIONS = "DEBUG $(inherited)";
				SWIFT_OPTIMIZATION_LEVEL = "-Onone";
			};
			name = Debug;
		};
		900000000000000000000002 /* Release */ = {
			isa = XCBuildConfiguration;
			buildSettings = {
				ALWAYS_SEARCH_USER_PATHS = NO;
				CLANG_ENABLE_MODULES = YES;
				CLANG_ENABLE_OBJC_ARC = YES;
				CLANG_WARN_BOOL_CONVERSION = YES;
				CLANG_WARN_CONSTANT_CONVERSION = YES;
				CLANG_WARN_DEPRECATED_OBJC_IMPLEMENTATIONS = YES;
				CLANG_WARN_DIRECT_OBJC_ISA_USAGE = YES_ERROR;
				CLANG_WARN_DOCUMENTATION_COMMENTS = YES;
				CLANG_WARN_EMPTY_BODY = YES;
				CLANG_WARN_ENUM_CONVERSION = YES;
				CLANG_WARN_INFINITE_RECURSION = YES;
				CLANG_WARN_INT_CONVERSION = YES;
				CLANG_WARN_NON_LITERAL_NULL_CONVERSION = YES;
				CLANG_WARN_OBJC_IMPLICIT_RETAIN_SELF = YES;
				CLANG_WARN_OBJC_LITERAL_CONVERSION = YES;
				CLANG_WARN_OBJC_ROOT_CLASS = YES_ERROR;
				CLANG_WARN_QUOTED_INCLUDE_IN_FRAMEWORK_HEADER = YES;
				CLANG_WARN_RANGE_LOOP_ANALYSIS = YES;
				CLANG_WARN_STRICT_PROTOTYPES = YES;
				CLANG_WARN_SUSPICIOUS_MOVE = YES;
				CLANG_WARN_UNGUARDED_AVAILABILITY = YES_AGGRESSIVE;
				CLANG_WARN_UNREACHABLE_CODE = YES;
				CLANG_WARN__DUPLICATE_METHOD_MATCH = YES;
				COPY_PHASE_STRIP = NO;
				DEBUG_INFORMATION_FORMAT = "dwarf-with-dsym";
				ENABLE_NS_ASSERTIONS = NO;
				ENABLE_STRICT_OBJC_MSGSEND = YES;
				GCC_C_LANGUAGE_STANDARD = gnu17;
				GCC_NO_COMMON_BLOCKS = YES;
				GCC_WARN_64_TO_32_BIT_CONVERSION = YES;
				GCC_WARN_ABOUT_RETURN_TYPE = YES_ERROR;
				GCC_WARN_UNDECLARED_SELECTOR = YES;
				GCC_WARN_UNINITIALIZED_AUTOS = YES_AGGRESSIVE;
				GCC_WARN_UNUSED_FUNCTION = YES;
				GCC_WARN_UNUSED_VARIABLE = YES;
				IPHONEOS_DEPLOYMENT_TARGET = 17.0;
				MTL_ENABLE_DEBUG_INFO = NO;
				MTL_FAST_MATH = YES;
				SDKROOT = iphoneos;
				SUPPORTED_PLATFORMS = "iphoneos iphonesimulator";
				SWIFT_COMPILATION_MODE = wholemodule;
				SWIFT_OPTIMIZATION_LEVEL = "-O";
				VALIDATE_PRODUCT = YES;
			};
			name = Release;
		};
		900000000000000000000003 /* Debug */ = {
			isa = XCBuildConfiguration;
			buildSettings = {
				ASSETCATALOG_COMPILER_APPICON_NAME = AppIcon;
				CODE_SIGN_ENTITLEMENTS = POCVault/POCVault.entitlements;
				CODE_SIGN_STYLE = Automatic;
				CURRENT_PROJECT_VERSION = 2;
				DEVELOPMENT_TEAM = QRXV2V66Y6;
				ENABLE_USER_SCRIPT_SANDBOXING = NO;
				GENERATE_INFOPLIST_FILE = NO;
				INFOPLIST_FILE = POCVault/Info.plist;
				IPHONEOS_DEPLOYMENT_TARGET = 17.0;
				MARKETING_VERSION = 1.0;
				POC_VAULT_CODEX_BASE_URL = "";
				POC_VAULT_MANIFEST_PUBLIC_KEY = "";
				POC_VAULT_MANIFEST_URL = "https://vault.pocs.conformal.live/manifest.json";
				POC_VAULT_SIGNATURE_URL = "https://vault.pocs.conformal.live/manifest.sig.json";
				RELAY_AUTH_BASE_URL = "https://relay.ai-rocket-experiments.com";
				PRODUCT_BUNDLE_IDENTIFIER = com.parikshit.pocvault;
				PRODUCT_MODULE_NAME = POCVault;
				PRODUCT_NAME = Relay;
				SUPPORTED_PLATFORMS = "iphoneos iphonesimulator";
				SWIFT_VERSION = 5.0;
				TARGETED_DEVICE_FAMILY = 1;
			};
			name = Debug;
		};
		900000000000000000000004 /* Release */ = {
			isa = XCBuildConfiguration;
			buildSettings = {
				ASSETCATALOG_COMPILER_APPICON_NAME = AppIcon;
				CODE_SIGN_ENTITLEMENTS = "POCVault/POCVault-Release.entitlements";
				CODE_SIGN_STYLE = Automatic;
				CURRENT_PROJECT_VERSION = 2;
				DEVELOPMENT_TEAM = QRXV2V66Y6;
				ENABLE_USER_SCRIPT_SANDBOXING = NO;
				GENERATE_INFOPLIST_FILE = NO;
				INFOPLIST_FILE = POCVault/Info.plist;
				IPHONEOS_DEPLOYMENT_TARGET = 17.0;
				MARKETING_VERSION = 1.0;
				POC_VAULT_CODEX_BASE_URL = "";
				POC_VAULT_MANIFEST_PUBLIC_KEY = "";
				POC_VAULT_MANIFEST_URL = "https://vault.pocs.conformal.live/manifest.json";
				POC_VAULT_SIGNATURE_URL = "https://vault.pocs.conformal.live/manifest.sig.json";
				RELAY_AUTH_BASE_URL = "https://relay.ai-rocket-experiments.com";
				PRODUCT_BUNDLE_IDENTIFIER = com.parikshit.pocvault;
				PRODUCT_MODULE_NAME = POCVault;
				PRODUCT_NAME = Relay;
				SUPPORTED_PLATFORMS = "iphoneos iphonesimulator";
				SWIFT_VERSION = 5.0;
				TARGETED_DEVICE_FAMILY = 1;
			};
			name = Release;
		};
		900000000000000000000005 /* Debug */ = {
			isa = XCBuildConfiguration;
			buildSettings = {
				BUNDLE_LOADER = "$(TEST_HOST)";
				CODE_SIGN_STYLE = Automatic;
				GENERATE_INFOPLIST_FILE = YES;
				IPHONEOS_DEPLOYMENT_TARGET = 17.0;
				PRODUCT_BUNDLE_IDENTIFIER = com.parikshit.pocvault.tests;
				PRODUCT_NAME = "$(TARGET_NAME)";
				SUPPORTED_PLATFORMS = "iphoneos iphonesimulator";
				SWIFT_VERSION = 5.0;
				TARGETED_DEVICE_FAMILY = 1;
				TEST_HOST = "$(BUILT_PRODUCTS_DIR)/Relay.app/$(BUNDLE_EXECUTABLE_FOLDER_PATH)/Relay";
			};
			name = Debug;
		};
		900000000000000000000006 /* Release */ = {
			isa = XCBuildConfiguration;
			buildSettings = {
				BUNDLE_LOADER = "$(TEST_HOST)";
				CODE_SIGN_STYLE = Automatic;
				GENERATE_INFOPLIST_FILE = YES;
				IPHONEOS_DEPLOYMENT_TARGET = 17.0;
				PRODUCT_BUNDLE_IDENTIFIER = com.parikshit.pocvault.tests;
				PRODUCT_NAME = "$(TARGET_NAME)";
				SUPPORTED_PLATFORMS = "iphoneos iphonesimulator";
				SWIFT_VERSION = 5.0;
				TARGETED_DEVICE_FAMILY = 1;
				TEST_HOST = "$(BUILT_PRODUCTS_DIR)/Relay.app/$(BUNDLE_EXECUTABLE_FOLDER_PATH)/Relay";
			};
			name = Release;
		};
/* End XCBuildConfiguration section */

/* Begin XCConfigurationList section */
		800000000000000000000001 /* Build configuration list for PBXProject "POCVault" */ = {
			isa = XCConfigurationList;
			buildConfigurations = (
				900000000000000000000001 /* Debug */,
				900000000000000000000002 /* Release */,
			);
			defaultConfigurationIsVisible = 0;
			defaultConfigurationName = Release;
		};
		800000000000000000000002 /* Build configuration list for PBXNativeTarget "POCVault" */ = {
			isa = XCConfigurationList;
			buildConfigurations = (
				900000000000000000000003 /* Debug */,
				900000000000000000000004 /* Release */,
			);
			defaultConfigurationIsVisible = 0;
			defaultConfigurationName = Release;
		};
		800000000000000000000003 /* Build configuration list for PBXNativeTarget "POCVaultTests" */ = {
			isa = XCConfigurationList;
			buildConfigurations = (
				900000000000000000000005 /* Debug */,
				900000000000000000000006 /* Release */,
			);
			defaultConfigurationIsVisible = 0;
			defaultConfigurationName = Release;
		};
/* End XCConfigurationList section */
	};
	rootObject = 000000000000000000000001 /* Project object */;
}
